
Microsoft Visual Studio Solution File, Format Version 12.00
# Visual Studio Version 16
VisualStudioVersion = 16.0.30907.101
MinimumVisualStudioVersion = 10.0.40219.1
Project("{9A19103F-16F7-4668-BE54-9A1E7A4F7556}") = "Entities", "Entities\Entities.csproj", "{125D9770-7424-4A16-9BA1-AD22234472E4}"
EndProject
Project("{9A19103F-16F7-4668-BE54-9A1E7A4F7556}") = "DataAccess", "DataAccess\DataAccess.csproj", "{E5FCF1AA-1540-4F85-A4B1-0A1A8DA93882}"
EndProject
Project("{9A19103F-16F7-4668-BE54-9A1E7A4F7556}") = "Business", "Business\Business.csproj", "{7EA40F89-D4F6-4811-B8FE-3D3DDBFBD0DB}"
EndProject
Project("{9A19103F-16F7-4668-BE54-9A1E7A4F7556}") = "ConsoleUI", "ConsoleUI\ConsoleUI.csproj", "{D060B84D-C861-4749-99F0-BB22550B0B55}"
EndProject
Project("{9A19103F-16F7-4668-BE54-9A1E7A4F7556}") = "Core", "Core\Core.csproj", "{BA7187EA-9142-4F90-A22C-7503E5209CA2}"
EndProject
Project("{FAE04EC0-301F-11D3-BF4B-00C04F79EFBC}") = "WebAPI", "WebAPI\WebAPI.csproj", "{8F4853EF-282B-434A-8C2D-214E70DBC625}"
EndProject
Global
	GlobalSection(SolutionConfigurationPlatforms) = preSolution
		Debug|Any CPU = Debug|Any CPU
		Release|Any CPU = Release|Any CPU
	EndGlobalSection
	GlobalSection(ProjectConfigurationPlatforms) = postSolution
		{125D9770-7424-4A16-9BA1-AD22234472E4}.Debug|Any CPU.ActiveCfg = Debug|Any CPU
		{125D9770-7424-4A16-9BA1-AD22234472E4}.Debug|Any CPU.Build.0 = Debug|Any CPU
		{125D9770-7424-4A16-9BA1-AD22234472E4}.Release|Any CPU.ActiveCfg = Release|Any CPU
		{125D9770-7424-4A16-9BA1-AD22234472E4}.Release|Any CPU.Build.0 = Release|Any CPU
		{E5FCF1AA-1540-4F85-A4B1-0A1A8DA93882}.Debug|Any CPU.ActiveCfg = Debug|Any CPU
		{E5FCF1AA-1540-4F85-A4B1-0A1A8DA93882}.Debug|Any CPU.Build.0 = Debug|Any CPU
		{E5FCF1AA-1540-4F85-A4B1-0A1A8DA93882}.Release|Any CPU.ActiveCfg = Release|Any CPU
		{E5FCF1AA-1540-4F85-A4B1-0A1A8DA93882}.Release|Any CPU.Build.0 = Release|Any CPU
		{7EA40F89-D4F6-4811-B8FE-3D3DDBFBD0DB}.Debug|Any CPU.ActiveCfg = Debug|Any CPU
		{7EA40F89-D4F6-4811-B8FE-3D3DDBFBD0DB}.Debug|Any CPU.Build.0 = Debug|Any CPU
		{7EA40F89-D4F6-4811-B8FE-3D3DDBFBD0DB}.Release|Any CPU.ActiveCfg = Release|Any CPU
		{7EA40F89-D4F6-4811-B8FE-3D3DDBFBD0DB}.Release|Any CPU.Build.0 = Release|Any CPU
		{D060B84D-C861-4749-99F0-BB22550B0B55}.Debug|Any CPU.ActiveCfg = Debug|Any CPU
		{D060B84D-C861-4749-99F0-BB22550B0B55}.Debug|Any CPU.Build.0 = Debug|Any CPU
		{D060B84D-C861-4749-99F0-BB22550B0B55}.Release|Any CPU.ActiveCfg = Release|Any CPU
		{D060B84D-C861-4749-99F0-BB22550B0B55}.Release|Any CPU.Build.0 = Release|Any CPU
		{BA7187EA-9142-4F90-A22C-7503E5209CA2}.Debug|Any CPU.ActiveCfg = Debug|Any CPU
		{BA7187EA-9142-4F90-A22C-7503E5209CA2}.Debug|Any CPU.Build.0 = Debug|Any CPU
		{BA7187EA-9142-4F90-A22C-7503E5209CA2}.Release|Any CPU.ActiveCfg = Release|Any CPU
		{BA7187EA-9142-4F90-A22C-7503E5209CA2}.Release|Any CPU.Build.0 = Release|Any CPU
		{8F4853EF-282B-434A-8C2D-214E70DBC625}.Debug|Any CPU.ActiveCfg = Debug|Any CPU
		{8F4853EF-282B-434A-8C2D-214E70DBC625}.Debug|Any CPU.Build.0 = Debug|Any CPU
		{8F4853EF-282B-434A-8C2D-214E70DBC625}.Release|Any CPU.ActiveCfg = Release|Any CPU
		{8F4853EF-282B-434A-8C2D-214E70DBC625}.Release|Any CPU.Build.0 = Release|Any CPU
	EndGlobalSection
	GlobalSection(SolutionProperties) = preSolution
		HideSolutionNode = FALSE
	EndGlobalSection
	GlobalSection(ExtensibilityGlobals) = postSolution
		SolutionGuid = {6BCFF484-64B1-4399-B0B3-2DA85B708AEC}
	EndGlobalSection
EndGlobal
